
Microsoft Visual Studio Solution File, Format Version 12.00
# Visual Studio Version 16
VisualStudioVersion = 16.0.31313.79
MinimumVisualStudioVersion = 10.0.40219.1
Project("{2150E333-8FDC-42A3-9474-1A3956D46DE8}") = "src", "src", "{8D027E83-607A-4F42-8AAC-3694834F5614}"
EndProject
Project("{9A19103F-16F7-4668-BE54-9A1E7A4F7556}") = "Orangebeard.SpecFlowPlugin", "src\Orangebeard.SpecFlowPlugin\Orangebeard.SpecFlowPlugin.csproj", "{6FA6AAFF-10D8-4584-B2D8-EC448CC4525C}"
EndProject
Project("{2150E333-8FDC-42A3-9474-1A3956D46DE8}") = "ExampleHooks", "ExampleHooks", "{91E8A88E-EB26-4263-9CDC-FC8310B4C2DB}"
	ProjectSection(SolutionItems) = preProject
		HooksExample.cs = HooksExample.cs
	EndProjectSection
EndProject
Global
	GlobalSection(SolutionConfigurationPlatforms) = preSolution
		Debug|Any CPU = Debug|Any CPU
		Release|Any CPU = Release|Any CPU
	EndGlobalSection
	GlobalSection(ProjectConfigurationPlatforms) = postSolution
		{6FA6AAFF-10D8-4584-B2D8-EC448CC4525C}.Debug|Any CPU.ActiveCfg = Debug|Any CPU
		{6FA6AAFF-10D8-4584-B2D8-EC448CC4525C}.Debug|Any CPU.Build.0 = Debug|Any CPU
		{6FA6AAFF-10D8-4584-B2D8-EC448CC4525C}.Release|Any CPU.ActiveCfg = Release|Any CPU
		{6FA6AAFF-10D8-4584-B2D8-EC448CC4525C}.Release|Any CPU.Build.0 = Release|Any CPU
	EndGlobalSection
	GlobalSection(SolutionProperties) = preSolution
		HideSolutionNode = FALSE
	EndGlobalSection
	GlobalSection(NestedProjects) = preSolution
		{6FA6AAFF-10D8-4584-B2D8-EC448CC4525C} = {8D027E83-607A-4F42-8AAC-3694834F5614}
		{91E8A88E-EB26-4263-9CDC-FC8310B4C2DB} = {8D027E83-607A-4F42-8AAC-3694834F5614}
	EndGlobalSection
	GlobalSection(ExtensibilityGlobals) = postSolution
		SolutionGuid = {D1776738-4063-400B-AAEB-2DAAE96BEDA2}
	EndGlobalSection
EndGlobal
